
Microsoft Visual Studio Solution File, Format Version 12.00
# Visual Studio Version 17
VisualStudioVersion = 17.6.33829.357
MinimumVisualStudioVersion = 10.0.40219.1
Project("{FAE04EC0-301F-11D3-BF4B-00C04F79EFBC}") = "Group Project", "Group Project.csproj", "{7CECD73B-563A-4220-8B8A-967BC4B00042}"
EndProject
Global
	GlobalSection(SolutionConfigurationPlatforms) = preSolution
		Debug|Any CPU = Debug|Any CPU
		Release|Any CPU = Release|Any CPU
	EndGlobalSection
	GlobalSection(ProjectConfigurationPlatforms) = postSolution
		{7CECD73B-563A-4220-8B8A-967BC4B00042}.Debug|Any CPU.ActiveCfg = Debug|Any CPU
		{7CECD73B-563A-4220-8B8A-967BC4B00042}.Debug|Any CPU.Build.0 = Debug|Any CPU
		{7CECD73B-563A-4220-8B8A-967BC4B00042}.Release|Any CPU.ActiveCfg = Release|Any CPU
		{7CECD73B-563A-4220-8B8A-967BC4B00042}.Release|Any CPU.Build.0 = Release|Any CPU
	EndGlobalSection
	GlobalSection(SolutionProperties) = preSolution
		HideSolutionNode = FALSE
	EndGlobalSection
	GlobalSection(ExtensibilityGlobals) = postSolution
		SolutionGuid = {5426244F-5254-49DD-99A2-355B30266F8D}
	EndGlobalSection
EndGlobal
